
Microsoft Visual Studio Solution File, Format Version 12.00
# Visual Studio Version 17
VisualStudioVersion = 17.14.36414.22 d17.14
MinimumVisualStudioVersion = 10.0.40219.1
Project("{FAE04EC0-301F-11D3-BF4B-00C04F79EFBC}") = "MiniSerializador", "MiniSerializador\MiniSerializador.csproj", "{18AF8658-004C-4341-BDEE-6B92D42EE639}"
EndProject
Global
	GlobalSection(SolutionConfigurationPlatforms) = preSolution
		Debug|Any CPU = Debug|Any CPU
		Release|Any CPU = Release|Any CPU
	EndGlobalSection
	GlobalSection(ProjectConfigurationPlatforms) = postSolution
		{18AF8658-004C-4341-BDEE-6B92D42EE639}.Debug|Any CPU.ActiveCfg = Debug|Any CPU
		{18AF8658-004C-4341-BDEE-6B92D42EE639}.Debug|Any CPU.Build.0 = Debug|Any CPU
		{18AF8658-004C-4341-BDEE-6B92D42EE639}.Release|Any CPU.ActiveCfg = Release|Any CPU
		{18AF8658-004C-4341-BDEE-6B92D42EE639}.Release|Any CPU.Build.0 = Release|Any CPU
	EndGlobalSection
	GlobalSection(SolutionProperties) = preSolution
		HideSolutionNode = FALSE
	EndGlobalSection
	GlobalSection(ExtensibilityGlobals) = postSolution
		SolutionGuid = {2F3E851B-A6AD-479A-949B-6308EE187953}
	EndGlobalSection
EndGlobal
