
Microsoft Visual Studio Solution File, Format Version 12.00
# Visual Studio Version 17
VisualStudioVersion = 17.14.36414.22 d17.14
MinimumVisualStudioVersion = 10.0.40219.1
Project("{FAE04EC0-301F-11D3-BF4B-00C04F79EFBC}") = "ProjetoPedidos", "ProjetoPedidos\ProjetoPedidos.csproj", "{3B75E2DD-60D6-4B0F-BC59-75121DE7209A}"
EndProject
Global
	GlobalSection(SolutionConfigurationPlatforms) = preSolution
		Debug|Any CPU = Debug|Any CPU
		Release|Any CPU = Release|Any CPU
	EndGlobalSection
	GlobalSection(ProjectConfigurationPlatforms) = postSolution
		{3B75E2DD-60D6-4B0F-BC59-75121DE7209A}.Debug|Any CPU.ActiveCfg = Debug|Any CPU
		{3B75E2DD-60D6-4B0F-BC59-75121DE7209A}.Debug|Any CPU.Build.0 = Debug|Any CPU
		{3B75E2DD-60D6-4B0F-BC59-75121DE7209A}.Release|Any CPU.ActiveCfg = Release|Any CPU
		{3B75E2DD-60D6-4B0F-BC59-75121DE7209A}.Release|Any CPU.Build.0 = Release|Any CPU
	EndGlobalSection
	GlobalSection(SolutionProperties) = preSolution
		HideSolutionNode = FALSE
	EndGlobalSection
	GlobalSection(ExtensibilityGlobals) = postSolution
		SolutionGuid = {CCAA95FF-97C6-4D69-A25F-8614B0B29CE7}
	EndGlobalSection
EndGlobal
